{
  "version": 4,
  "terraform_version": "1.7.4",
  "serial": 140,
  "lineage": "c6796f93-4951-86db-e12d-7203276315a6",
  "outputs": {
    "db-ip": {
      "value": "159.65.146.183",
      "type": "string"
    },
    "scrapyd-public-ips": {
      "value": [
        "159.65.154.17",
        "159.65.146.230"
      ],
      "type": [
        "tuple",
        [
          "string",
          "string"
        ]
      ]
    }
  },
  "resources": [
    {
      "mode": "managed",
      "type": "digitalocean_droplet",
      "name": "db",
      "provider": "provider[\"registry.terraform.io/digitalocean/digitalocean\"]",
      "instances": [
        {
          "schema_version": 1,
          "attributes": {
            "backups": false,
            "created_at": "2024-02-29T04:22:56Z",
            "disk": 25,
            "droplet_agent": null,
            "graceful_shutdown": false,
            "id": "403930125",
            "image": "ubuntu-22-04-x64",
            "ipv4_address": "159.65.146.183",
            "ipv4_address_private": "10.122.0.2",
            "ipv6": false,
            "ipv6_address": "",
            "locked": false,
            "memory": 1024,
            "monitoring": false,
            "name": "db",
            "price_hourly": 0.00893,
            "price_monthly": 6,
            "private_networking": true,
            "region": "blr1",
            "resize_disk": true,
            "size": "s-1vcpu-1gb",
            "ssh_keys": [
              "fc:34:0c:f5:d5:1a:10:3a:e5:d9:54:8e:ea:40:58:6d"
            ],
            "status": "active",
            "tags": null,
            "timeouts": null,
            "urn": "do:droplet:403930125",
            "user_data": null,
            "vcpus": 1,
            "volume_ids": [],
            "vpc_uuid": "455ba1b4-8d6c-4151-9100-7a8066de1180"
          },
          "sensitive_attributes": [],
          "private": "eyJlMmJmYjczMC1lY2FhLTExZTYtOGY4OC0zNDM2M2JjN2M0YzAiOnsiY3JlYXRlIjozNjAwMDAwMDAwMDAwLCJkZWxldGUiOjYwMDAwMDAwMDAwLCJ1cGRhdGUiOjM2MDAwMDAwMDAwMDB9LCJzY2hlbWFfdmVyc2lvbiI6IjEifQ==",
          "dependencies": [
            "digitalocean_ssh_key.default"
          ]
        }
      ]
    },
    {
      "mode": "managed",
      "type": "digitalocean_droplet",
      "name": "scrapyd",
      "provider": "provider[\"registry.terraform.io/digitalocean/digitalocean\"]",
      "instances": [
        {
          "index_key": 0,
          "schema_version": 1,
          "attributes": {
            "backups": false,
            "created_at": "2024-02-29T04:22:57Z",
            "disk": 25,
            "droplet_agent": null,
            "graceful_shutdown": false,
            "id": "403930126",
            "image": "ubuntu-22-04-x64",
            "ipv4_address": "159.65.154.17",
            "ipv4_address_private": "10.122.0.4",
            "ipv6": false,
            "ipv6_address": "",
            "locked": false,
            "memory": 1024,
            "monitoring": false,
            "name": "scrapy-1",
            "price_hourly": 0.00893,
            "price_monthly": 6,
            "private_networking": true,
            "region": "blr1",
            "resize_disk": true,
            "size": "s-1vcpu-1gb",
            "ssh_keys": [
              "fc:34:0c:f5:d5:1a:10:3a:e5:d9:54:8e:ea:40:58:6d"
            ],
            "status": "active",
            "tags": null,
            "timeouts": null,
            "urn": "do:droplet:403930126",
            "user_data": null,
            "vcpus": 1,
            "volume_ids": [],
            "vpc_uuid": "455ba1b4-8d6c-4151-9100-7a8066de1180"
          },
          "sensitive_attributes": [],
          "private": "eyJlMmJmYjczMC1lY2FhLTExZTYtOGY4OC0zNDM2M2JjN2M0YzAiOnsiY3JlYXRlIjozNjAwMDAwMDAwMDAwLCJkZWxldGUiOjYwMDAwMDAwMDAwLCJ1cGRhdGUiOjM2MDAwMDAwMDAwMDB9LCJzY2hlbWFfdmVyc2lvbiI6IjEifQ==",
          "dependencies": [
            "digitalocean_ssh_key.default"
          ]
        },
        {
          "index_key": 1,
          "schema_version": 1,
          "attributes": {
            "backups": false,
            "created_at": "2024-02-29T04:22:57Z",
            "disk": 25,
            "droplet_agent": null,
            "graceful_shutdown": false,
            "id": "403930127",
            "image": "ubuntu-22-04-x64",
            "ipv4_address": "159.65.146.230",
            "ipv4_address_private": "10.122.0.3",
            "ipv6": false,
            "ipv6_address": "",
            "locked": false,
            "memory": 1024,
            "monitoring": false,
            "name": "scrapyd-2",
            "price_hourly": 0.00893,
            "price_monthly": 6,
            "private_networking": true,
            "region": "blr1",
            "resize_disk": true,
            "size": "s-1vcpu-1gb",
            "ssh_keys": [
              "fc:34:0c:f5:d5:1a:10:3a:e5:d9:54:8e:ea:40:58:6d"
            ],
            "status": "active",
            "tags": null,
            "timeouts": null,
            "urn": "do:droplet:403930127",
            "user_data": null,
            "vcpus": 1,
            "volume_ids": [],
            "vpc_uuid": "455ba1b4-8d6c-4151-9100-7a8066de1180"
          },
          "sensitive_attributes": [],
          "private": "eyJlMmJmYjczMC1lY2FhLTExZTYtOGY4OC0zNDM2M2JjN2M0YzAiOnsiY3JlYXRlIjozNjAwMDAwMDAwMDAwLCJkZWxldGUiOjYwMDAwMDAwMDAwLCJ1cGRhdGUiOjM2MDAwMDAwMDAwMDB9LCJzY2hlbWFfdmVyc2lvbiI6IjEifQ==",
          "dependencies": [
            "digitalocean_ssh_key.default"
          ]
        }
      ]
    },
    {
      "mode": "managed",
      "type": "digitalocean_ssh_key",
      "name": "default",
      "provider": "provider[\"registry.terraform.io/digitalocean/digitalocean\"]",
      "instances": [
        {
          "schema_version": 0,
          "attributes": {
            "fingerprint": "fc:34:0c:f5:d5:1a:10:3a:e5:d9:54:8e:ea:40:58:6d",
            "id": "41154143",
            "name": "sshkey",
            "public_key": "ssh-ed25519 AAAAC3NzaC1lZDI1NTE5AAAAINbAk6zeAttFld6bOn3PE3ab+bWN0ddB9KZJQl3Y9uy+ zorin@hp\n"
          },
          "sensitive_attributes": [],
          "private": "bnVsbA=="
        }
      ]
    }
  ],
  "check_results": null
}
